
Microsoft Visual Studio Solution File, Format Version 12.00
# Visual Studio Version 16
VisualStudioVersion = 16.0.29215.179
MinimumVisualStudioVersion = 10.0.40219.1
Project("{FAE04EC0-301F-11D3-BF4B-00C04F79EFBC}") = "technology_tp1", "technology_tp1.csproj", "{2BAB23A3-9F0B-4286-B1DF-7AFF32764F28}"
EndProject
Global
	GlobalSection(SolutionConfigurationPlatforms) = preSolution
		Debug|Any CPU = Debug|Any CPU
		Release|Any CPU = Release|Any CPU
	EndGlobalSection
	GlobalSection(ProjectConfigurationPlatforms) = postSolution
		{2BAB23A3-9F0B-4286-B1DF-7AFF32764F28}.Debug|Any CPU.ActiveCfg = Debug|Any CPU
		{2BAB23A3-9F0B-4286-B1DF-7AFF32764F28}.Debug|Any CPU.Build.0 = Debug|Any CPU
		{2BAB23A3-9F0B-4286-B1DF-7AFF32764F28}.Release|Any CPU.ActiveCfg = Release|Any CPU
		{2BAB23A3-9F0B-4286-B1DF-7AFF32764F28}.Release|Any CPU.Build.0 = Release|Any CPU
	EndGlobalSection
	GlobalSection(SolutionProperties) = preSolution
		HideSolutionNode = FALSE
	EndGlobalSection
	GlobalSection(ExtensibilityGlobals) = postSolution
		SolutionGuid = {463B2E39-24E9-4026-A835-556DE653DEB9}
	EndGlobalSection
EndGlobal
